// !$*UTF8*$!
{
	archiveVersion = 1;
	classes = {
	};
	objectVersion = 55;
	objects = {

/* Begin PBXBuildFile section */
		D314002528E45BF700C78FF7 /* ShowMyGoalView.swift in Sources */ = {isa = PBXBuildFile; fileRef = D314002428E45BF700C78FF7 /* ShowMyGoalView.swift */; };
		D315F39928CE9960009D963F /* Constants.swift in Sources */ = {isa = PBXBuildFile; fileRef = D315F39828CE9960009D963F /* Constants.swift */; };
		D315F3A028CEAF88009D963F /* StartButtonView.swift in Sources */ = {isa = PBXBuildFile; fileRef = D315F39F28CEAF88009D963F /* StartButtonView.swift */; };
		D31AEEAA28DD6B4E004B4C2A /* BackButtonView.swift in Sources */ = {isa = PBXBuildFile; fileRef = D31AEEA928DD6B4E004B4C2A /* BackButtonView.swift */; };
		D31AEEAC28DD83CC004B4C2A /* SplashView.swift in Sources */ = {isa = PBXBuildFile; fileRef = D31AEEAB28DD83CC004B4C2A /* SplashView.swift */; };
		D31AEEAF28DD8863004B4C2A /* StartActionView.swift in Sources */ = {isa = PBXBuildFile; fileRef = D31AEEAE28DD8863004B4C2A /* StartActionView.swift */; };
		D33F40C528CAB66E00FF51ED /* ViewModel.swift in Sources */ = {isa = PBXBuildFile; fileRef = D33F40C428CAB66E00FF51ED /* ViewModel.swift */; };
		D340581028E6B68800C88733 /* ARViewContainer.swift in Sources */ = {isa = PBXBuildFile; fileRef = D340580F28E6B68800C88733 /* ARViewContainer.swift */; };
		D34EE5DB28E6A68E008B6B94 /* ContentView.swift in Sources */ = {isa = PBXBuildFile; fileRef = D34EE5DA28E6A68E008B6B94 /* ContentView.swift */; };
		D3558FA228E3B82A0062B04C /* Coodinator.swift in Sources */ = {isa = PBXBuildFile; fileRef = D3558FA128E3B82A0062B04C /* Coodinator.swift */; };
		D359EAE528E817DE00825A22 /* UserNotificationUtil.swift in Sources */ = {isa = PBXBuildFile; fileRef = D359EAE428E817DE00825A22 /* UserNotificationUtil.swift */; };
		D3783A7728E25D4000283805 /* Experience.rcproject in Sources */ = {isa = PBXBuildFile; fileRef = D3783A7628E25D4000283805 /* Experience.rcproject */; };
		D3D12FBE28B1D9D60069DCF4 /* AppDelegate.swift in Sources */ = {isa = PBXBuildFile; fileRef = D3D12FBD28B1D9D60069DCF4 /* AppDelegate.swift */; };
		D3D12FC028B1D9D60069DCF4 /* SettingGoalView.swift in Sources */ = {isa = PBXBuildFile; fileRef = D3D12FBF28B1D9D60069DCF4 /* SettingGoalView.swift */; };
		D3D12FC428B1D9D70069DCF4 /* Assets.xcassets in Resources */ = {isa = PBXBuildFile; fileRef = D3D12FC328B1D9D70069DCF4 /* Assets.xcassets */; };
		D3D12FC728B1D9D70069DCF4 /* Preview Assets.xcassets in Resources */ = {isa = PBXBuildFile; fileRef = D3D12FC628B1D9D70069DCF4 /* Preview Assets.xcassets */; };
		D3E44F0D28CFF45C00623001 /* TimeEditPicker.swift in Sources */ = {isa = PBXBuildFile; fileRef = D3E44F0C28CFF45C00623001 /* TimeEditPicker.swift */; };
		D3F01E5028CC326600DEC0A2 /* SettingNotificationView.swift in Sources */ = {isa = PBXBuildFile; fileRef = D3F01E4F28CC326600DEC0A2 /* SettingNotificationView.swift */; };
		D3F01E5528CC385100DEC0A2 /* Color.swift in Sources */ = {isa = PBXBuildFile; fileRef = D3F01E5428CC385100DEC0A2 /* Color.swift */; };
		D3F01E5728CC4CA000DEC0A2 /* NextButtonView.swift in Sources */ = {isa = PBXBuildFile; fileRef = D3F01E5628CC4CA000DEC0A2 /* NextButtonView.swift */; };
/* End PBXBuildFile section */

/* Begin PBXFileReference section */
		D314002428E45BF700C78FF7 /* ShowMyGoalView.swift */ = {isa = PBXFileReference; lastKnownFileType = sourcecode.swift; path = ShowMyGoalView.swift; sourceTree = "<group>"; };
		D315F39828CE9960009D963F /* Constants.swift */ = {isa = PBXFileReference; lastKnownFileType = sourcecode.swift; path = Constants.swift; sourceTree = "<group>"; };
		D315F39F28CEAF88009D963F /* StartButtonView.swift */ = {isa = PBXFileReference; lastKnownFileType = sourcecode.swift; path = StartButtonView.swift; sourceTree = "<group>"; };
		D31AEEA928DD6B4E004B4C2A /* BackButtonView.swift */ = {isa = PBXFileReference; lastKnownFileType = sourcecode.swift; path = BackButtonView.swift; sourceTree = "<group>"; };
		D31AEEAB28DD83CC004B4C2A /* SplashView.swift */ = {isa = PBXFileReference; lastKnownFileType = sourcecode.swift; path = SplashView.swift; sourceTree = "<group>"; };
		D31AEEAD28DD86C7004B4C2A /* Info.plist */ = {isa = PBXFileReference; lastKnownFileType = text.plist; path = Info.plist; sourceTree = "<group>"; };
		D31AEEAE28DD8863004B4C2A /* StartActionView.swift */ = {isa = PBXFileReference; lastKnownFileType = sourcecode.swift; path = StartActionView.swift; sourceTree = "<group>"; };
		D3349F4028DD585700D8BF5E /* ARGoal.entitlements */ = {isa = PBXFileReference; lastKnownFileType = text.plist.entitlements; path = ARGoal.entitlements; sourceTree = "<group>"; };
		D33F40C428CAB66E00FF51ED /* ViewModel.swift */ = {isa = PBXFileReference; lastKnownFileType = sourcecode.swift; path = ViewModel.swift; sourceTree = "<group>"; };
		D340580F28E6B68800C88733 /* ARViewContainer.swift */ = {isa = PBXFileReference; lastKnownFileType = sourcecode.swift; path = ARViewContainer.swift; sourceTree = "<group>"; };
		D34EE5DA28E6A68E008B6B94 /* ContentView.swift */ = {isa = PBXFileReference; lastKnownFileType = sourcecode.swift; path = ContentView.swift; sourceTree = "<group>"; };
		D3558FA128E3B82A0062B04C /* Coodinator.swift */ = {isa = PBXFileReference; lastKnownFileType = sourcecode.swift; path = Coodinator.swift; sourceTree = "<group>"; };
		D359EAE428E817DE00825A22 /* UserNotificationUtil.swift */ = {isa = PBXFileReference; lastKnownFileType = sourcecode.swift; path = UserNotificationUtil.swift; sourceTree = "<group>"; };
		D3783A7628E25D4000283805 /* Experience.rcproject */ = {isa = PBXFileReference; lastKnownFileType = file.rcproject; path = Experience.rcproject; sourceTree = "<group>"; };
		D3D12FBA28B1D9D60069DCF4 /* AR目標.app */ = {isa = PBXFileReference; explicitFileType = wrapper.application; includeInIndex = 0; path = "AR目標.app"; sourceTree = BUILT_PRODUCTS_DIR; };
		D3D12FBD28B1D9D60069DCF4 /* AppDelegate.swift */ = {isa = PBXFileReference; lastKnownFileType = sourcecode.swift; path = AppDelegate.swift; sourceTree = "<group>"; };
		D3D12FBF28B1D9D60069DCF4 /* SettingGoalView.swift */ = {isa = PBXFileReference; lastKnownFileType = sourcecode.swift; path = SettingGoalView.swift; sourceTree = "<group>"; };
		D3D12FC328B1D9D70069DCF4 /* Assets.xcassets */ = {isa = PBXFileReference; lastKnownFileType = folder.assetcatalog; path = Assets.xcassets; sourceTree = "<group>"; };
		D3D12FC628B1D9D70069DCF4 /* Preview Assets.xcassets */ = {isa = PBXFileReference; lastKnownFileType = folder.assetcatalog; path = "Preview Assets.xcassets"; sourceTree = "<group>"; };
		D3E44F0C28CFF45C00623001 /* TimeEditPicker.swift */ = {isa = PBXFileReference; lastKnownFileType = sourcecode.swift; path = TimeEditPicker.swift; sourceTree = "<group>"; };
		D3F01E4F28CC326600DEC0A2 /* SettingNotificationView.swift */ = {isa = PBXFileReference; lastKnownFileType = sourcecode.swift; path = SettingNotificationView.swift; sourceTree = "<group>"; };
		D3F01E5428CC385100DEC0A2 /* Color.swift */ = {isa = PBXFileReference; lastKnownFileType = sourcecode.swift; path = Color.swift; sourceTree = "<group>"; };
		D3F01E5628CC4CA000DEC0A2 /* NextButtonView.swift */ = {isa = PBXFileReference; lastKnownFileType = sourcecode.swift; path = NextButtonView.swift; sourceTree = "<group>"; };
/* End PBXFileReference section */

/* Begin PBXFrameworksBuildPhase section */
		D3D12FB728B1D9D60069DCF4 /* Frameworks */ = {
			isa = PBXFrameworksBuildPhase;
			buildActionMask = 2147483647;
			files = (
			);
			runOnlyForDeploymentPostprocessing = 0;
		};
/* End PBXFrameworksBuildPhase section */

/* Begin PBXGroup section */
		D315F39A28CE9ABB009D963F /* ViewParts */ = {
			isa = PBXGroup;
			children = (
				D3F01E5628CC4CA000DEC0A2 /* NextButtonView.swift */,
				D31AEEA928DD6B4E004B4C2A /* BackButtonView.swift */,
				D315F39F28CEAF88009D963F /* StartButtonView.swift */,
				D3E44F0C28CFF45C00623001 /* TimeEditPicker.swift */,
			);
			path = ViewParts;
			sourceTree = "<group>";
		};
		D31AEEB228DD8A6F004B4C2A /* Setting */ = {
			isa = PBXGroup;
			children = (
				D3D12FBF28B1D9D60069DCF4 /* SettingGoalView.swift */,
				D3F01E4F28CC326600DEC0A2 /* SettingNotificationView.swift */,
				D31AEEAE28DD8863004B4C2A /* StartActionView.swift */,
			);
			path = Setting;
			sourceTree = "<group>";
		};
		D340580E28E6B67B00C88733 /* AR */ = {
			isa = PBXGroup;
			children = (
				D340580F28E6B68800C88733 /* ARViewContainer.swift */,
			);
			path = AR;
			sourceTree = "<group>";
		};
		D34EE5DC28E6A6A9008B6B94 /* ShowMyGoal */ = {
			isa = PBXGroup;
			children = (
				D314002428E45BF700C78FF7 /* ShowMyGoalView.swift */,
			);
			path = ShowMyGoal;
			sourceTree = "<group>";
		};
		D359EAE328E817D100825A22 /* Util */ = {
			isa = PBXGroup;
			children = (
				D359EAE428E817DE00825A22 /* UserNotificationUtil.swift */,
			);
			path = Util;
			sourceTree = "<group>";
		};
		D3D12FB128B1D9D60069DCF4 = {
			isa = PBXGroup;
			children = (
				D3D12FBC28B1D9D60069DCF4 /* ARGoal */,
				D3D12FBB28B1D9D60069DCF4 /* Products */,
			);
			sourceTree = "<group>";
		};
		D3D12FBB28B1D9D60069DCF4 /* Products */ = {
			isa = PBXGroup;
			children = (
				D3D12FBA28B1D9D60069DCF4 /* AR目標.app */,
			);
			name = Products;
			sourceTree = "<group>";
		};
		D3D12FBC28B1D9D60069DCF4 /* ARGoal */ = {
			isa = PBXGroup;
			children = (
				D31AEEAD28DD86C7004B4C2A /* Info.plist */,
				D3349F4028DD585700D8BF5E /* ARGoal.entitlements */,
				D3783A7628E25D4000283805 /* Experience.rcproject */,
				D3D12FBD28B1D9D60069DCF4 /* AppDelegate.swift */,
				D315F39828CE9960009D963F /* Constants.swift */,
				D359EAE328E817D100825A22 /* Util */,
				D3F01E5328CC384800DEC0A2 /* Extension */,
				D3F01E5228CC33A000DEC0A2 /* ViewModel */,
				D3F01E5128CC339100DEC0A2 /* View */,
				D3D12FC328B1D9D70069DCF4 /* Assets.xcassets */,
				D3D12FC528B1D9D70069DCF4 /* Preview Content */,
			);
			path = ARGoal;
			sourceTree = "<group>";
		};
		D3D12FC528B1D9D70069DCF4 /* Preview Content */ = {
			isa = PBXGroup;
			children = (
				D3D12FC628B1D9D70069DCF4 /* Preview Assets.xcassets */,
			);
			path = "Preview Content";
			sourceTree = "<group>";
		};
		D3F01E5128CC339100DEC0A2 /* View */ = {
			isa = PBXGroup;
			children = (
				D31AEEAB28DD83CC004B4C2A /* SplashView.swift */,
				D34EE5DA28E6A68E008B6B94 /* ContentView.swift */,
				D31AEEB228DD8A6F004B4C2A /* Setting */,
				D34EE5DC28E6A6A9008B6B94 /* ShowMyGoal */,
				D340580E28E6B67B00C88733 /* AR */,
				D315F39A28CE9ABB009D963F /* ViewParts */,
			);
			path = View;
			sourceTree = "<group>";
		};
		D3F01E5228CC33A000DEC0A2 /* ViewModel */ = {
			isa = PBXGroup;
			children = (
				D33F40C428CAB66E00FF51ED /* ViewModel.swift */,
				D3558FA128E3B82A0062B04C /* Coodinator.swift */,
			);
			path = ViewModel;
			sourceTree = "<group>";
		};
		D3F01E5328CC384800DEC0A2 /* Extension */ = {
			isa = PBXGroup;
			children = (
				D3F01E5428CC385100DEC0A2 /* Color.swift */,
			);
			path = Extension;
			sourceTree = "<group>";
		};
/* End PBXGroup section */

/* Begin PBXNativeTarget section */
		D3D12FB928B1D9D60069DCF4 /* ARGoal */ = {
			isa = PBXNativeTarget;
			buildConfigurationList = D3D12FCA28B1D9D70069DCF4 /* Build configuration list for PBXNativeTarget "ARGoal" */;
			buildPhases = (
				D3D12FB628B1D9D60069DCF4 /* Sources */,
				D3D12FB728B1D9D60069DCF4 /* Frameworks */,
				D3D12FB828B1D9D60069DCF4 /* Resources */,
			);
			buildRules = (
			);
			dependencies = (
			);
			name = ARGoal;
			productName = "マカロンタワー";
			productReference = D3D12FBA28B1D9D60069DCF4 /* AR目標.app */;
			productType = "com.apple.product-type.application";
		};
/* End PBXNativeTarget section */

/* Begin PBXProject section */
		D3D12FB228B1D9D60069DCF4 /* Project object */ = {
			isa = PBXProject;
			attributes = {
				BuildIndependentTargetsInParallel = 1;
				LastSwiftUpdateCheck = 1340;
				LastUpgradeCheck = 1340;
				TargetAttributes = {
					D3D12FB928B1D9D60069DCF4 = {
						CreatedOnToolsVersion = 13.4;
					};
				};
			};
			buildConfigurationList = D3D12FB528B1D9D60069DCF4 /* Build configuration list for PBXProject "ARGoal" */;
			compatibilityVersion = "Xcode 13.0";
			developmentRegion = en;
			hasScannedForEncodings = 0;
			knownRegions = (
				en,
				Base,
			);
			mainGroup = D3D12FB128B1D9D60069DCF4;
			productRefGroup = D3D12FBB28B1D9D60069DCF4 /* Products */;
			projectDirPath = "";
			projectRoot = "";
			targets = (
				D3D12FB928B1D9D60069DCF4 /* ARGoal */,
			);
		};
/* End PBXProject section */

/* Begin PBXResourcesBuildPhase section */
		D3D12FB828B1D9D60069DCF4 /* Resources */ = {
			isa = PBXResourcesBuildPhase;
			buildActionMask = 2147483647;
			files = (
				D3D12FC728B1D9D70069DCF4 /* Preview Assets.xcassets in Resources */,
				D3D12FC428B1D9D70069DCF4 /* Assets.xcassets in Resources */,
			);
			runOnlyForDeploymentPostprocessing = 0;
		};
/* End PBXResourcesBuildPhase section */

/* Begin PBXSourcesBuildPhase section */
		D3D12FB628B1D9D60069DCF4 /* Sources */ = {
			isa = PBXSourcesBuildPhase;
			buildActionMask = 2147483647;
			files = (
				D314002528E45BF700C78FF7 /* ShowMyGoalView.swift in Sources */,
				D33F40C528CAB66E00FF51ED /* ViewModel.swift in Sources */,
				D3F01E5528CC385100DEC0A2 /* Color.swift in Sources */,
				D31AEEAA28DD6B4E004B4C2A /* BackButtonView.swift in Sources */,
				D3D12FC028B1D9D60069DCF4 /* SettingGoalView.swift in Sources */,
				D340581028E6B68800C88733 /* ARViewContainer.swift in Sources */,
				D359EAE528E817DE00825A22 /* UserNotificationUtil.swift in Sources */,
				D315F3A028CEAF88009D963F /* StartButtonView.swift in Sources */,
				D3558FA228E3B82A0062B04C /* Coodinator.swift in Sources */,
				D3F01E5728CC4CA000DEC0A2 /* NextButtonView.swift in Sources */,
				D3783A7728E25D4000283805 /* Experience.rcproject in Sources */,
				D31AEEAF28DD8863004B4C2A /* StartActionView.swift in Sources */,
				D3E44F0D28CFF45C00623001 /* TimeEditPicker.swift in Sources */,
				D3D12FBE28B1D9D60069DCF4 /* AppDelegate.swift in Sources */,
				D3F01E5028CC326600DEC0A2 /* SettingNotificationView.swift in Sources */,
				D34EE5DB28E6A68E008B6B94 /* ContentView.swift in Sources */,
				D315F39928CE9960009D963F /* Constants.swift in Sources */,
				D31AEEAC28DD83CC004B4C2A /* SplashView.swift in Sources */,
			);
			runOnlyForDeploymentPostprocessing = 0;
		};
/* End PBXSourcesBuildPhase section */

/* Begin XCBuildConfiguration section */
		D3D12FC828B1D9D70069DCF4 /* Debug */ = {
			isa = XCBuildConfiguration;
			buildSettings = {
				ALWAYS_SEARCH_USER_PATHS = NO;
				CLANG_ANALYZER_NONNULL = YES;
				CLANG_ANALYZER_NUMBER_OBJECT_CONVERSION = YES_AGGRESSIVE;
				CLANG_CXX_LANGUAGE_STANDARD = "gnu++17";
				CLANG_ENABLE_MODULES = YES;
				CLANG_ENABLE_OBJC_ARC = YES;
				CLANG_ENABLE_OBJC_WEAK = YES;
				CLANG_WARN_BLOCK_CAPTURE_AUTORELEASING = YES;
				CLANG_WARN_BOOL_CONVERSION = YES;
				CLANG_WARN_COMMA = YES;
				CLANG_WARN_CONSTANT_CONVERSION = YES;
				CLANG_WARN_DEPRECATED_OBJC_IMPLEMENTATIONS = YES;
				CLANG_WARN_DIRECT_OBJC_ISA_USAGE = YES_ERROR;
				CLANG_WARN_DOCUMENTATION_COMMENTS = YES;
				CLANG_WARN_EMPTY_BODY = YES;
				CLANG_WARN_ENUM_CONVERSION = YES;
				CLANG_WARN_INFINITE_RECURSION = YES;
				CLANG_WARN_INT_CONVERSION = YES;
				CLANG_WARN_NON_LITERAL_NULL_CONVERSION = YES;
				CLANG_WARN_OBJC_IMPLICIT_RETAIN_SELF = YES;
				CLANG_WARN_OBJC_LITERAL_CONVERSION = YES;
				CLANG_WARN_OBJC_ROOT_CLASS = YES_ERROR;
				CLANG_WARN_QUOTED_INCLUDE_IN_FRAMEWORK_HEADER = YES;
				CLANG_WARN_RANGE_LOOP_ANALYSIS = YES;
				CLANG_WARN_STRICT_PROTOTYPES = YES;
				CLANG_WARN_SUSPICIOUS_MOVE = YES;
				CLANG_WARN_UNGUARDED_AVAILABILITY = YES_AGGRESSIVE;
				CLANG_WARN_UNREACHABLE_CODE = YES;
				CLANG_WARN__DUPLICATE_METHOD_MATCH = YES;
				COPY_PHASE_STRIP = NO;
				DEBUG_INFORMATION_FORMAT = dwarf;
				ENABLE_STRICT_OBJC_MSGSEND = YES;
				ENABLE_TESTABILITY = YES;
				GCC_C_LANGUAGE_STANDARD = gnu11;
				GCC_DYNAMIC_NO_PIC = NO;
				GCC_NO_COMMON_BLOCKS = YES;
				GCC_OPTIMIZATION_LEVEL = 0;
				GCC_PREPROCESSOR_DEFINITIONS = (
					"DEBUG=1",
					"$(inherited)",
				);
				GCC_WARN_64_TO_32_BIT_CONVERSION = YES;
				GCC_WARN_ABOUT_RETURN_TYPE = YES_ERROR;
				GCC_WARN_UNDECLARED_SELECTOR = YES;
				GCC_WARN_UNINITIALIZED_AUTOS = YES_AGGRESSIVE;
				GCC_WARN_UNUSED_FUNCTION = YES;
				GCC_WARN_UNUSED_VARIABLE = YES;
				IPHONEOS_DEPLOYMENT_TARGET = 15.0;
				MTL_ENABLE_DEBUG_INFO = INCLUDE_SOURCE;
				MTL_FAST_MATH = YES;
				ONLY_ACTIVE_ARCH = YES;
				SDKROOT = iphoneos;
				SWIFT_ACTIVE_COMPILATION_CONDITIONS = DEBUG;
				SWIFT_OPTIMIZATION_LEVEL = "-Onone";
			};
			name = Debug;
		};
		D3D12FC928B1D9D70069DCF4 /* Release */ = {
			isa = XCBuildConfiguration;
			buildSettings = {
				ALWAYS_SEARCH_USER_PATHS = NO;
				CLANG_ANALYZER_NONNULL = YES;
				CLANG_ANALYZER_NUMBER_OBJECT_CONVERSION = YES_AGGRESSIVE;
				CLANG_CXX_LANGUAGE_STANDARD = "gnu++17";
				CLANG_ENABLE_MODULES = YES;
				CLANG_ENABLE_OBJC_ARC = YES;
				CLANG_ENABLE_OBJC_WEAK = YES;
				CLANG_WARN_BLOCK_CAPTURE_AUTORELEASING = YES;
				CLANG_WARN_BOOL_CONVERSION = YES;
				CLANG_WARN_COMMA = YES;
				CLANG_WARN_CONSTANT_CONVERSION = YES;
				CLANG_WARN_DEPRECATED_OBJC_IMPLEMENTATIONS = YES;
				CLANG_WARN_DIRECT_OBJC_ISA_USAGE = YES_ERROR;
				CLANG_WARN_DOCUMENTATION_COMMENTS = YES;
				CLANG_WARN_EMPTY_BODY = YES;
				CLANG_WARN_ENUM_CONVERSION = YES;
				CLANG_WARN_INFINITE_RECURSION = YES;
				CLANG_WARN_INT_CONVERSION = YES;
				CLANG_WARN_NON_LITERAL_NULL_CONVERSION = YES;
				CLANG_WARN_OBJC_IMPLICIT_RETAIN_SELF = YES;
				CLANG_WARN_OBJC_LITERAL_CONVERSION = YES;
				CLANG_WARN_OBJC_ROOT_CLASS = YES_ERROR;
				CLANG_WARN_QUOTED_INCLUDE_IN_FRAMEWORK_HEADER = YES;
				CLANG_WARN_RANGE_LOOP_ANALYSIS = YES;
				CLANG_WARN_STRICT_PROTOTYPES = YES;
				CLANG_WARN_SUSPICIOUS_MOVE = YES;
				CLANG_WARN_UNGUARDED_AVAILABILITY = YES_AGGRESSIVE;
				CLANG_WARN_UNREACHABLE_CODE = YES;
				CLANG_WARN__DUPLICATE_METHOD_MATCH = YES;
				COPY_PHASE_STRIP = NO;
				DEBUG_INFORMATION_FORMAT = "dwarf-with-dsym";
				ENABLE_NS_ASSERTIONS = NO;
				ENABLE_STRICT_OBJC_MSGSEND = YES;
				GCC_C_LANGUAGE_STANDARD = gnu11;
				GCC_NO_COMMON_BLOCKS = YES;
				GCC_WARN_64_TO_32_BIT_CONVERSION = YES;
				GCC_WARN_ABOUT_RETURN_TYPE = YES_ERROR;
				GCC_WARN_UNDECLARED_SELECTOR = YES;
				GCC_WARN_UNINITIALIZED_AUTOS = YES_AGGRESSIVE;
				GCC_WARN_UNUSED_FUNCTION = YES;
				GCC_WARN_UNUSED_VARIABLE = YES;
				IPHONEOS_DEPLOYMENT_TARGET = 15.0;
				MTL_ENABLE_DEBUG_INFO = NO;
				MTL_FAST_MATH = YES;
				SDKROOT = iphoneos;
				SWIFT_COMPILATION_MODE = wholemodule;
				SWIFT_OPTIMIZATION_LEVEL = "-O";
				VALIDATE_PRODUCT = YES;
			};
			name = Release;
		};
		D3D12FCB28B1D9D70069DCF4 /* Debug */ = {
			isa = XCBuildConfiguration;
			buildSettings = {
				ASSETCATALOG_COMPILER_APPICON_NAME = AppIcon;
				ASSETCATALOG_COMPILER_GLOBAL_ACCENT_COLOR_NAME = AccentColor;
				CODE_SIGN_ENTITLEMENTS = ARGoal/ARGoal.entitlements;
				CODE_SIGN_IDENTITY = "Apple Development";
				CODE_SIGN_STYLE = Automatic;
				CURRENT_PROJECT_VERSION = 1;
				DEVELOPMENT_ASSET_PATHS = "\"ARGoal/Preview Content\"";
				DEVELOPMENT_TEAM = 7339KF5P9G;
				ENABLE_PREVIEWS = YES;
				GENERATE_INFOPLIST_FILE = YES;
				INFOPLIST_FILE = ARGoal/Info.plist;
				INFOPLIST_KEY_CFBundleDisplayName = "AR目標";
				INFOPLIST_KEY_NSCameraUsageDescription = "目標を拡張現実空間に表示するためにカメラを使用します。";
				INFOPLIST_KEY_UIApplicationSupportsIndirectInputEvents = YES;
				INFOPLIST_KEY_UILaunchScreen_Generation = YES;
				INFOPLIST_KEY_UIRequiredDeviceCapabilities = arkit;
				INFOPLIST_KEY_UIStatusBarHidden = YES;
				INFOPLIST_KEY_UISupportedInterfaceOrientations_iPad = "UIInterfaceOrientationPortrait UIInterfaceOrientationPortraitUpsideDown UIInterfaceOrientationLandscapeLeft UIInterfaceOrientationLandscapeRight";
				INFOPLIST_KEY_UISupportedInterfaceOrientations_iPhone = "UIInterfaceOrientationPortrait UIInterfaceOrientationLandscapeLeft UIInterfaceOrientationLandscapeRight";
				IPHONEOS_DEPLOYMENT_TARGET = 15.0;
				LD_RUNPATH_SEARCH_PATHS = (
					"$(inherited)",
					"@executable_path/Frameworks",
				);
				MARKETING_VERSION = 1.0;
				PRODUCT_BUNDLE_IDENTIFIER = "com.tomoshimizu.ar-goal";
				PRODUCT_NAME = "AR目標";
				PROVISIONING_PROFILE_SPECIFIER = "";
				SWIFT_EMIT_LOC_STRINGS = YES;
				SWIFT_VERSION = 5.0;
				TARGETED_DEVICE_FAMILY = 1;
			};
			name = Debug;
		};
		D3D12FCC28B1D9D70069DCF4 /* Release */ = {
			isa = XCBuildConfiguration;
			buildSettings = {
				ASSETCATALOG_COMPILER_APPICON_NAME = AppIcon;
				ASSETCATALOG_COMPILER_GLOBAL_ACCENT_COLOR_NAME = AccentColor;
				CODE_SIGN_ENTITLEMENTS = ARGoal/ARGoal.entitlements;
				CODE_SIGN_IDENTITY = "Apple Development";
				CODE_SIGN_STYLE = Automatic;
				CURRENT_PROJECT_VERSION = 1;
				DEVELOPMENT_ASSET_PATHS = "\"ARGoal/Preview Content\"";
				DEVELOPMENT_TEAM = 7339KF5P9G;
				ENABLE_PREVIEWS = YES;
				GENERATE_INFOPLIST_FILE = YES;
				INFOPLIST_FILE = ARGoal/Info.plist;
				INFOPLIST_KEY_CFBundleDisplayName = "AR目標";
				INFOPLIST_KEY_NSCameraUsageDescription = "目標を拡張現実空間に表示するためにカメラを使用します。";
				INFOPLIST_KEY_UIApplicationSupportsIndirectInputEvents = YES;
				INFOPLIST_KEY_UILaunchScreen_Generation = YES;
				INFOPLIST_KEY_UIRequiredDeviceCapabilities = arkit;
				INFOPLIST_KEY_UIStatusBarHidden = YES;
				INFOPLIST_KEY_UISupportedInterfaceOrientations_iPad = "UIInterfaceOrientationPortrait UIInterfaceOrientationPortraitUpsideDown UIInterfaceOrientationLandscapeLeft UIInterfaceOrientationLandscapeRight";
				INFOPLIST_KEY_UISupportedInterfaceOrientations_iPhone = "UIInterfaceOrientationPortrait UIInterfaceOrientationLandscapeLeft UIInterfaceOrientationLandscapeRight";
				IPHONEOS_DEPLOYMENT_TARGET = 15.0;
				LD_RUNPATH_SEARCH_PATHS = (
					"$(inherited)",
					"@executable_path/Frameworks",
				);
				MARKETING_VERSION = 1.0;
				PRODUCT_BUNDLE_IDENTIFIER = "com.tomoshimizu.ar-goal";
				PRODUCT_NAME = "AR目標";
				PROVISIONING_PROFILE_SPECIFIER = "";
				SWIFT_EMIT_LOC_STRINGS = YES;
				SWIFT_VERSION = 5.0;
				TARGETED_DEVICE_FAMILY = 1;
			};
			name = Release;
		};
/* End XCBuildConfiguration section */

/* Begin XCConfigurationList section */
		D3D12FB528B1D9D60069DCF4 /* Build configuration list for PBXProject "ARGoal" */ = {
			isa = XCConfigurationList;
			buildConfigurations = (
				D3D12FC828B1D9D70069DCF4 /* Debug */,
				D3D12FC928B1D9D70069DCF4 /* Release */,
			);
			defaultConfigurationIsVisible = 0;
			defaultConfigurationName = Release;
		};
		D3D12FCA28B1D9D70069DCF4 /* Build configuration list for PBXNativeTarget "ARGoal" */ = {
			isa = XCConfigurationList;
			buildConfigurations = (
				D3D12FCB28B1D9D70069DCF4 /* Debug */,
				D3D12FCC28B1D9D70069DCF4 /* Release */,
			);
			defaultConfigurationIsVisible = 0;
			defaultConfigurationName = Release;
		};
/* End XCConfigurationList section */
	};
	rootObject = D3D12FB228B1D9D60069DCF4 /* Project object */;
}
